
Microsoft Visual Studio Solution File, Format Version 12.00
# Visual Studio 15
VisualStudioVersion = 15.0.27428.2043
MinimumVisualStudioVersion = 10.0.40219.1
Project("{8BC9CEB8-8B4A-11D0-8D11-00A0C91BC942}") = "Sokoban_AA", "Sokoban_AA\Sokoban_AA.vcxproj", "{0501F347-B2BE-4D4A-873D-9D9844793CDE}"
EndProject
Global
	GlobalSection(SolutionConfigurationPlatforms) = preSolution
		Debug|x64 = Debug|x64
		Debug|x86 = Debug|x86
		Release|x64 = Release|x64
		Release|x86 = Release|x86
	EndGlobalSection
	GlobalSection(ProjectConfigurationPlatforms) = postSolution
		{0501F347-B2BE-4D4A-873D-9D9844793CDE}.Debug|x64.ActiveCfg = Debug|x64
		{0501F347-B2BE-4D4A-873D-9D9844793CDE}.Debug|x64.Build.0 = Debug|x64
		{0501F347-B2BE-4D4A-873D-9D9844793CDE}.Debug|x86.ActiveCfg = Debug|Win32
		{0501F347-B2BE-4D4A-873D-9D9844793CDE}.Debug|x86.Build.0 = Debug|Win32
		{0501F347-B2BE-4D4A-873D-9D9844793CDE}.Release|x64.ActiveCfg = Release|x64
		{0501F347-B2BE-4D4A-873D-9D9844793CDE}.Release|x64.Build.0 = Release|x64
		{0501F347-B2BE-4D4A-873D-9D9844793CDE}.Release|x86.ActiveCfg = Release|Win32
		{0501F347-B2BE-4D4A-873D-9D9844793CDE}.Release|x86.Build.0 = Release|Win32
	EndGlobalSection
	GlobalSection(SolutionProperties) = preSolution
		HideSolutionNode = FALSE
	EndGlobalSection
	GlobalSection(ExtensibilityGlobals) = postSolution
		SolutionGuid = {0E8ED9DC-BCE7-40EA-A690-7F13A7B0F9FD}
	EndGlobalSection
EndGlobal
